lockfileVersion: '9.0'

settings:
  autoInstallPeers: true
  excludeLinksFromLockfile: false

importers:

  .:
    dependencies:
      better-path-resolve:
        specifier: ^1.0.0
        version: 1.0.0
      rename-overwrite:
        specifier: ^6.0.0
        version: 6.0.0
    devDependencies:
      '@types/node':
        specifier: ^20.14.10
        version: 20.14.10
      '@types/tape':
        specifier: ^5.6.4
        version: 5.6.4
      rimraf:
        specifier: ^3.0.2
        version: 3.0.2
      tape:
        specifier: ^5.8.1
        version: 5.8.1
      tempy:
        specifier: ^3.0.0
        version: 3.1.0
      ts-node:
        specifier: ^10.9.2
        version: 10.9.2(@types/node@20.14.10)(typescript@5.5.3)
      typescript:
        specifier: ^5.5.3
        version: 5.5.3
      write-json-file:
        specifier: ^4.3.0
        version: 4.3.0

packages:

  '@cspotcode/source-map-support@0.8.1':
    resolution: {integrity: sha512-IchNf6dN4tHoMFIn/7OE8LWZ19Y6q/67Bmf6vnGREv8RSbBVb9LPJxEcnwrcwX6ixSvaiGoomAUvu4YSxXrVgw==}
    engines: {node: '>=12'}

  '@jridgewell/resolve-uri@3.1.2':
    resolution: {integrity: sha512-bRISgCIjP20/tbWSPWMEi54QVPRZExkuD9lJL+UIxUKtwVJA8wW1Trb1jMs1RFXo1CBTNZ/5hpC9QvmKWdopKw==}
    engines: {node: '>=6.0.0'}

  '@jridgewell/sourcemap-codec@1.4.15':
    resolution: {integrity: sha512-eF2rxCRulEKXHTRiDrDy6erMYWqNw4LPdQ8UQA4huuxaQsVeRPFl2oM8oDGxMFhJUWZf9McpLtJasDDZb/Bpeg==}

  '@jridgewell/trace-mapping@0.3.9':
    resolution: {integrity: sha512-3Belt6tdc8bPgAtbcmdtNJlirVoTmEb5e2gC94PnkwEW9jI6CAHUeoG85tjWP5WquqfavoMtMwiG4P926ZKKuQ==}

  '@ljharb/resumer@0.1.3':
    resolution: {integrity: sha512-d+tsDgfkj9X5QTriqM4lKesCkMMJC3IrbPKHvayP00ELx2axdXvDfWkqjxrLXIzGcQzmj7VAUT1wopqARTvafw==}
    engines: {node: '>= 0.4'}

  '@ljharb/through@2.3.13':
    resolution: {integrity: sha512-/gKJun8NNiWGZJkGzI/Ragc53cOdcLNdzjLaIa+GEjguQs0ulsurx8WN0jijdK9yPqDvziX995sMRLyLt1uZMQ==}
    engines: {node: '>= 0.4'}

  '@tsconfig/node10@1.0.11':
    resolution: {integrity: sha512-DcRjDCujK/kCk/cUe8Xz8ZSpm8mS3mNNpta+jGCA6USEDfktlNvm1+IuZ9eTcDbNk41BHwpHHeW+N1lKCz4zOw==}

  '@tsconfig/node12@1.0.11':
    resolution: {integrity: sha512-cqefuRsh12pWyGsIoBKJA9luFu3mRxCA+ORZvA4ktLSzIuCUtWVxGIuXigEwO5/ywWFMZ2QEGKWvkZG1zDMTag==}

  '@tsconfig/node14@1.0.3':
    resolution: {integrity: sha512-ysT8mhdixWK6Hw3i1V2AeRqZ5WfXg1G43mqoYlM2nc6388Fq5jcXyr5mRsqViLx/GJYdoL0bfXD8nmF+Zn/Iow==}

  '@tsconfig/node16@1.0.4':
    resolution: {integrity: sha512-vxhUy4J8lyeyinH7Azl1pdd43GJhZH/tP2weN8TntQblOY+A0XbT8DJk1/oCPuOOyg/Ja757rG0CgHcWC8OfMA==}

  '@types/node@20.14.10':
    resolution: {integrity: sha512-MdiXf+nDuMvY0gJKxyfZ7/6UFsETO7mGKF54MVD/ekJS6HdFtpZFBgrh6Pseu64XTb2MLyFPlbW6hj8HYRQNOQ==}

  '@types/tape@5.6.4':
    resolution: {integrity: sha512-EmL4fJpZyByNCkupLLcJhneqcnT+rQUG5fWKNCsZyBK1x7nUuDTwwEerc4biEMZgvSK2+FXr775aLeXhKXK4Yw==}

  '@types/through@0.0.33':
    resolution: {integrity: sha512-HsJ+z3QuETzP3cswwtzt2vEIiHBk/dCcHGhbmG5X3ecnwFD/lPrMpliGXxSCg03L9AhrdwA4Oz/qfspkDW+xGQ==}

  '@zkochan/rimraf@3.0.2':
    resolution: {integrity: sha512-GBf4ua7ogWTr7fATnzk/JLowZDBnBJMm8RkMaC/KcvxZ9gxbMWix0/jImd815LmqKyIHZ7h7lADRddGMdGBuCA==}
    engines: {node: '>=18.12'}

  acorn-walk@8.3.3:
    resolution: {integrity: sha512-MxXdReSRhGO7VlFe1bRG/oI7/mdLV9B9JJT0N8vZOhF7gFRR5l3M8W9G8JxmKV+JC5mGqJ0QvqfSOLsCPa4nUw==}
    engines: {node: '>=0.4.0'}

  acorn@8.12.1:
    resolution: {integrity: sha512-tcpGyI9zbizT9JbV6oYE477V6mTlXvvi0T0G3SNIYE2apm/G5huBa1+K89VGeovbg+jycCrfhl3ADxErOuO6Jg==}
    engines: {node: '>=0.4.0'}
    hasBin: true

  arg@4.1.3:
    resolution: {integrity: sha512-58S9QDqG0Xx27YwPSt9fJxivjYl432YCwfDMfZ+71RAqUrZef7LrKQZ3LHLOwCS4FLNBplP533Zx895SeOCHvA==}

  array-buffer-byte-length@1.0.1:
    resolution: {integrity: sha512-ahC5W1xgou+KTXix4sAO8Ki12Q+jf4i0+tmk3sC+zgcynshkHxzpXdImBehiUYKKKDwvfFiJl1tZt6ewscS1Mg==}
    engines: {node: '>= 0.4'}

  array.prototype.every@1.1.6:
    resolution: {integrity: sha512-gNEqZD97w6bfQRNmHkFv7rNnGM+VWyHZT+h/rf9C+22owcXuENr66Lfo0phItpU5KoXW6Owb34q2+8MnSIZ57w==}
    engines: {node: '>= 0.4'}

  arraybuffer.prototype.slice@1.0.3:
    resolution: {integrity: sha512-bMxMKAjg13EBSVscxTaYA4mRc5t1UAXa2kXiGTNfZ079HIWXEkKmkgFrh/nJqamaLSrXO5H4WFFkPEaLJWbs3A==}
    engines: {node: '>= 0.4'}

  available-typed-arrays@1.0.7:
    resolution: {integrity: sha512-wvUjBtSGN7+7SjNpq/9M2Tg350UZD3q62IFZLbRAR1bSMlCo1ZaeW+BJ+D090e4hIIZLBcTDWe4Mh4jvUDajzQ==}
    engines: {node: '>= 0.4'}

  balanced-match@1.0.2:
    resolution: {integrity: sha512-3oSeUO0TMV67hN1AmbXsK4yaqU7tjiHlbxRDZOpH0KW9+CeX4bRAaX0Anxt0tx2MrpRpWwQaPwIlISEJhYU5Pw==}

  better-path-resolve@1.0.0:
    resolution: {integrity: sha512-pbnl5XzGBdrFU/wT4jqmJVPn2B6UHPBOhzMQkY/SPUPB6QtUXtmBHBIwCbXJol93mOpGMnQyP/+BB19q04xj7g==}
    engines: {node: '>=4'}

  brace-expansion@1.1.11:
    resolution: {integrity: sha512-iCuPHDFgrHX7H2vEI/5xpz07zSHB00TpugqhmYtVmMO6518mCuRMoOYFldEBl0g187ufozdaHgWKcYFb61qGiA==}

  call-bind@1.0.7:
    resolution: {integrity: sha512-GHTSNSYICQ7scH7sZ+M2rFopRoLh8t2bLSW6BbgrtLsahOIB5iyAVJf9GjWK3cYTDaMj4XdBpM1cA6pIS0Kv2w==}
    engines: {node: '>= 0.4'}

  concat-map@0.0.1:
    resolution: {integrity: sha512-/Srv4dswyQNBfohGpz9o6Yb3Gz3SrUDqBH5rTuhGR7ahtlbYKnVxw2bCFMRljaA7EXHaXZ8wsHdodFvbkhKmqg==}

  create-require@1.1.1:
    resolution: {integrity: sha512-dcKFX3jn0MpIaXjisoRvexIJVEKzaq7z2rZKxf+MSr9TkdmHmsU4m2lcLojrj/FHl8mk5VxMmYA+ftRkP/3oKQ==}

  crypto-random-string@4.0.0:
    resolution: {integrity: sha512-x8dy3RnvYdlUcPOjkEHqozhiwzKNSq7GcPuXFbnyMOCHxX8V3OgIg/pYuabl2sbUPfIJaeAQB7PMOK8DFIdoRA==}
    engines: {node: '>=12'}

  data-view-buffer@1.0.1:
    resolution: {integrity: sha512-0lht7OugA5x3iJLOWFhWK/5ehONdprk0ISXqVFn/NFrDu+cuc8iADFrGQz5BnRK7LLU3JmkbXSxaqX+/mXYtUA==}
    engines: {node: '>= 0.4'}

  data-view-byte-length@1.0.1:
    resolution: {integrity: sha512-4J7wRJD3ABAzr8wP+OcIcqq2dlUKp4DVflx++hs5h5ZKydWMI6/D/fAot+yh6g2tHh8fLFTvNOaVN357NvSrOQ==}
    engines: {node: '>= 0.4'}

  data-view-byte-offset@1.0.0:
    resolution: {integrity: sha512-t/Ygsytq+R995EJ5PZlD4Cu56sWa8InXySaViRzw9apusqsOO2bQP+SbYzAhR0pFKoB+43lYy8rWban9JSuXnA==}
    engines: {node: '>= 0.4'}

  deep-equal@2.2.3:
    resolution: {integrity: sha512-ZIwpnevOurS8bpT4192sqAowWM76JDKSHYzMLty3BZGSswgq6pBaH3DhCSW5xVAZICZyKdOBPjwww5wfgT/6PA==}
    engines: {node: '>= 0.4'}

  define-data-property@1.1.4:
    resolution: {integrity: sha512-rBMvIzlpA8v6E+SJZoo++HAYqsLrkg7MSfIinMPFhmkorw7X+dOXVJQs+QT69zGkzMyfDnIMN2Wid1+NbL3T+A==}
    engines: {node: '>= 0.4'}

  define-properties@1.2.1:
    resolution: {integrity: sha512-8QmQKqEASLd5nx0U1B1okLElbUuuttJ/AnYmRXbbbGDWh6uS208EjD4Xqq/I9wK7u0v6O08XhTWnt5XtEbR6Dg==}
    engines: {node: '>= 0.4'}

  defined@1.0.1:
    resolution: {integrity: sha512-hsBd2qSVCRE+5PmNdHt1uzyrFu5d3RwmFDKzyNZMFq/EwDNJF7Ee5+D5oEKF0hU6LhtoUF1macFvOe4AskQC1Q==}

  detect-indent@6.1.0:
    resolution: {integrity: sha512-reYkTUJAZb9gUuZ2RvVCNhVHdg62RHnJ7WJl8ftMi4diZ6NWlciOzQN88pUhSELEwflJht4oQDv0F0BMlwaYtA==}
    engines: {node: '>=8'}

  diff@4.0.2:
    resolution: {integrity: sha512-58lmxKSA4BNyLz+HHMUzlOEpg09FV+ev6ZMe3vJihgdxzgcwZ8VoEEPmALCZG9LmqfVoNMMKpttIYTVG6uDY7A==}
    engines: {node: '>=0.3.1'}

  dotignore@0.1.2:
    resolution: {integrity: sha512-UGGGWfSauusaVJC+8fgV+NVvBXkCTmVv7sk6nojDZZvuOUNGUy0Zk4UpHQD6EDjS0jpBwcACvH4eofvyzBcRDw==}
    hasBin: true

  es-abstract@1.23.3:
    resolution: {integrity: sha512-e+HfNH61Bj1X9/jLc5v1owaLYuHdeHHSQlkhCBiTK8rBvKaULl/beGMxwrMXjpYrv4pz22BlY570vVePA2ho4A==}
    engines: {node: '>= 0.4'}

  es-define-property@1.0.0:
    resolution: {integrity: sha512-jxayLKShrEqqzJ0eumQbVhTYQM27CfT1T35+gCgDFoL82JLsXqTJ76zv6A0YLOgEnLUMvLzsDsGIrl8NFpT2gQ==}
    engines: {node: '>= 0.4'}

  es-errors@1.3.0:
    resolution: {integrity: sha512-Zf5H2Kxt2xjTvbJvP2ZWLEICxA6j+hAmMzIlypy4xcBg1vKVnx89Wy0GbS+kf5cwCVFFzdCFh2XSCFNULS6csw==}
    engines: {node: '>= 0.4'}

  es-get-iterator@1.1.3:
    resolution: {integrity: sha512-sPZmqHBe6JIiTfN5q2pEi//TwxmAFHwj/XEuYjTuse78i8KxaqMTTzxPoFKuzRpDpTJ+0NAbpfenkmH2rePtuw==}

  es-object-atoms@1.0.0:
    resolution: {integrity: sha512-MZ4iQ6JwHOBQjahnjwaC1ZtIBH+2ohjamzAO3oaHcXYup7qxjF2fixyH+Q71voWHeOkI2q/TnJao/KfXYIZWbw==}
    engines: {node: '>= 0.4'}

  es-set-tostringtag@2.0.3:
    resolution: {integrity: sha512-3T8uNMC3OQTHkFUsFq8r/BwAXLHvU/9O9mE0fBc/MY5iq/8H7ncvO947LmYA6ldWw9Uh8Yhf25zu6n7nML5QWQ==}
    engines: {node: '>= 0.4'}

  es-to-primitive@1.2.1:
    resolution: {integrity: sha512-QCOllgZJtaUo9miYBcLChTUaHNjJF3PYs1VidD7AwiEj1kYxKeQTctLAezAOH5ZKRH0g2IgPn6KwB4IT8iRpvA==}
    engines: {node: '>= 0.4'}

  for-each@0.3.3:
    resolution: {integrity: sha512-jqYfLp7mo9vIyQf8ykW2v7A+2N4QjeCeI5+Dz9XraiO1ign81wjiH7Fb9vSOWvQfNtmSa4H2RoQTrrXivdUZmw==}

  fs-extra@10.1.0:
    resolution: {integrity: sha512-oRXApq54ETRj4eMiFzGnHWGy+zo5raudjuxN0b8H7s/RU2oW0Wvsx9O0ACRN/kRq9E8Vu/ReskGB5o3ji+FzHQ==}
    engines: {node: '>=12'}

  fs.realpath@1.0.0:
    resolution: {integrity: sha512-OO0pH2lK6a0hZnAdau5ItzHPI6pUlvI7jMVnxUQRtw4owF2wk8lOSabtGDCTP4Ggrg2MbGnWO9X8K1t4+fGMDw==}

  function-bind@1.1.2:
    resolution: {integrity: sha512-7XHNxH7qX9xG5mIwxkhumTox/MIRNcOgDrxWsMt2pAr23WHp6MrRlN7FBSFpCpr+oVO0F744iUgR82nJMfG2SA==}

  function.prototype.name@1.1.6:
    resolution: {integrity: sha512-Z5kx79swU5P27WEayXM1tBi5Ze/lbIyiNgU3qyXUOf9b2rgXYyF9Dy9Cx+IQv/Lc8WCG6L82zwUPpSS9hGehIg==}
    engines: {node: '>= 0.4'}

  functions-have-names@1.2.3:
    resolution: {integrity: sha512-xckBUXyTIqT97tq2x2AMb+g163b5JFysYk0x4qxNFwbfQkmNZoiRHb6sPzI9/QV33WeuvVYBUIiD4NzNIyqaRQ==}

  get-intrinsic@1.2.4:
    resolution: {integrity: sha512-5uYhsJH8VJBTv7oslg4BznJYhDoRI6waYCxMmCdnTrcCrHA/fCFKoTFz2JKKE0HdDFUF7/oQuhzumXJK7paBRQ==}
    engines: {node: '>= 0.4'}

  get-package-type@0.1.0:
    resolution: {integrity: sha512-pjzuKtY64GYfWizNAJ0fr9VqttZkNiK2iS430LtIHzjBEr6bX8Am2zm4sW4Ro5wjWW5cAlRL1qAMTcXbjNAO2Q==}
    engines: {node: '>=8.0.0'}

  get-symbol-description@1.0.2:
    resolution: {integrity: sha512-g0QYk1dZBxGwk+Ngc+ltRH2IBp2f7zBkBMBJZCDerh6EhlhSR6+9irMCuT/09zD6qkarHUSn529sK/yL4S27mg==}
    engines: {node: '>= 0.4'}

  glob@7.2.3:
    resolution: {integrity: sha512-nFR0zLpU2YCaRxwoCJvL6UvCH2JFyFVIvwTLsIf21AuHlMskA1hhTdk+LlYJtOlYt9v6dvszD2BGRqBL+iQK9Q==}
    deprecated: Glob versions prior to v9 are no longer supported

  globalthis@1.0.4:
    resolution: {integrity: sha512-DpLKbNU4WylpxJykQujfCcwYWiV/Jhm50Goo0wrVILAv5jOr9d+H+UR3PhSCD2rCCEIg0uc+G+muBTwD54JhDQ==}
    engines: {node: '>= 0.4'}

  gopd@1.0.1:
    resolution: {integrity: sha512-d65bNlIadxvpb/A2abVdlqKqV563juRnZ1Wtk6s1sIR8uNsXR70xqIzVqxVf1eTqDunwT2MkczEeaezCKTZhwA==}

  graceful-fs@4.2.11:
    resolution: {integrity: sha512-RbJ5/jmFcNNCcDV5o9eTnBLJ/HszWV0P73bc+Ff4nS/rJj+YaS6IGyiOL0VoBYX+l1Wrl3k63h/KrH+nhJ0XvQ==}

  has-bigints@1.0.2:
    resolution: {integrity: sha512-tSvCKtBr9lkF0Ex0aQiP9N+OpV4zi2r/Nee5VkRDbaqv35RLYMzbwQfFSZZH0kR+Rd6302UJZ2p/bJCEoR3VoQ==}

  has-dynamic-import@2.1.0:
    resolution: {integrity: sha512-su0anMkNEnJKZ/rB99jn3y6lV/J8Ro96hBJ28YAeVzj5rWxH+YL/AdCyiYYA1HDLV9YhmvqpWSJJj2KLo1MX6g==}
    engines: {node: '>= 0.4'}

  has-property-descriptors@1.0.2:
    resolution: {integrity: sha512-55JNKuIW+vq4Ke1BjOTjM2YctQIvCT7GFzHwmfZPGo5wnrgkid0YQtnAleFSqumZm4az3n2BS+erby5ipJdgrg==}

  has-proto@1.0.3:
    resolution: {integrity: sha512-SJ1amZAJUiZS+PhsVLf5tGydlaVB8EdFpaSO4gmiUKUOxk8qzn5AIy4ZeJUmh22znIdk/uMAUT2pl3FxzVUH+Q==}
    engines: {node: '>= 0.4'}

  has-symbols@1.0.3:
    resolution: {integrity: sha512-l3LCuF6MgDNwTDKkdYGEihYjt5pRPbEg46rtlmnSPlUbgmB8LOIrKJbYYFBSbnPaJexMKtiPO8hmeRjRz2Td+A==}
    engines: {node: '>= 0.4'}

  has-tostringtag@1.0.2:
    resolution: {integrity: sha512-NqADB8VjPFLM2V0VvHUewwwsw0ZWBaIdgo+ieHtK3hasLz4qeCRjYcqfB6AQrBggRKppKF8L52/VqdVsO47Dlw==}
    engines: {node: '>= 0.4'}

  hasown@2.0.2:
    resolution: {integrity: sha512-0hJU9SCPvmMzIBdZFqNPXWa6dqh7WdH0cII9y+CyS8rG3nL48Bclra9HmKhVVUHyPWNH5Y7xDwAB7bfgSjkUMQ==}
    engines: {node: '>= 0.4'}

  imurmurhash@0.1.4:
    resolution: {integrity: sha512-JmXMZ6wuvDmLiHEml9ykzqO6lwFbof0GG4IkcGaENdCRDDmMVnny7s5HsIgHCbaq0w2MyPhDqkhTUgS2LU2PHA==}
    engines: {node: '>=0.8.19'}

  inflight@1.0.6:
    resolution: {integrity: sha512-k92I/b08q4wvFscXCLvqfsHCrjrF7yiXsQuIVvVE7N82W3+aqpzuUdBbfhWcy/FZR3/4IgflMgKLOsvPDrGCJA==}
    deprecated: This module is not supported, and leaks memory. Do not use it. Check out lru-cache if you want a good and tested way to coalesce async requests by a key value, which is much more comprehensive and powerful.

  inherits@2.0.4:
    resolution: {integrity: sha512-k/vGaX4/Yla3WzyMCvTQOXYeIHvqOKtnqBduzTHpzpQZzAskKMhZ2K+EnBiSM9zGSoIFeMpXKxa4dYeZIQqewQ==}

  internal-slot@1.0.7:
    resolution: {integrity: sha512-NGnrKwXzSms2qUUih/ILZ5JBqNTSa1+ZmP6flaIp6KmSElgE9qdndzS3cqjrDovwFdmwsGsLdeFgB6suw+1e9g==}
    engines: {node: '>= 0.4'}

  is-arguments@1.1.1:
    resolution: {integrity: sha512-8Q7EARjzEnKpt/PCD7e1cgUS0a6X8u5tdSiMqXhojOdoV9TsMsiO+9VLC5vAmO8N7/GmXn7yjR8qnA6bVAEzfA==}
    engines: {node: '>= 0.4'}

  is-array-buffer@3.0.4:
    resolution: {integrity: sha512-wcjaerHw0ydZwfhiKbXJWLDY8A7yV7KhjQOpb83hGgGfId/aQa4TOvwyzn2PuswW2gPCYEL/nEAiSVpdOj1lXw==}
    engines: {node: '>= 0.4'}

  is-bigint@1.0.4:
    resolution: {integrity: sha512-zB9CruMamjym81i2JZ3UMn54PKGsQzsJeo6xvN3HJJ4CAsQNB6iRutp2To77OfCNuoxspsIhzaPoO1zyCEhFOg==}

  is-boolean-object@1.1.2:
    resolution: {integrity: sha512-gDYaKHJmnj4aWxyj6YHyXVpdQawtVLHU5cb+eztPGczf6cjuTdwve5ZIEfgXqH4e57An1D1AKf8CZ3kYrQRqYA==}
    engines: {node: '>= 0.4'}

  is-callable@1.2.7:
    resolution: {integrity: sha512-1BC0BVFhS/p0qtw6enp8e+8OD0UrK0oFLztSjNzhcKA3WDuJxxAPXzPuPtKkjEY9UUoEWlX/8fgKeu2S8i9JTA==}
    engines: {node: '>= 0.4'}

  is-core-module@2.14.0:
    resolution: {integrity: sha512-a5dFJih5ZLYlRtDc0dZWP7RiKr6xIKzmn/oAYCDvdLThadVgyJwlaoQPmRtMSpz+rk0OGAgIu+TcM9HUF0fk1A==}
    engines: {node: '>= 0.4'}

  is-data-view@1.0.1:
    resolution: {integrity: sha512-AHkaJrsUVW6wq6JS8y3JnM/GJF/9cf+k20+iDzlSaJrinEo5+7vRiteOSwBhHRiAyQATN1AmY4hwzxJKPmYf+w==}
    engines: {node: '>= 0.4'}

  is-date-object@1.0.5:
    resolution: {integrity: sha512-9YQaSxsAiSwcvS33MBk3wTCVnWK+HhF8VZR2jRxehM16QcVOdHqPn4VPHmRK4lSr38n9JriurInLcP90xsYNfQ==}
    engines: {node: '>= 0.4'}

  is-map@2.0.3:
    resolution: {integrity: sha512-1Qed0/Hr2m+YqxnM09CjA2d/i6YZNfF6R2oRAOj36eUdS6qIV/huPJNSEpKbupewFs+ZsJlxsjjPbc0/afW6Lw==}
    engines: {node: '>= 0.4'}

  is-negative-zero@2.0.3:
    resolution: {integrity: sha512-5KoIu2Ngpyek75jXodFvnafB6DJgr3u8uuK0LEZJjrU19DrMD3EVERaR8sjz8CCGgpZvxPl9SuE1GMVPFHx1mw==}
    engines: {node: '>= 0.4'}

  is-number-object@1.0.7:
    resolution: {integrity: sha512-k1U0IRzLMo7ZlYIfzRu23Oh6MiIFasgpb9X76eqfFZAqwH44UI4KTBvBYIZ1dSL9ZzChTB9ShHfLkR4pdW5krQ==}
    engines: {node: '>= 0.4'}

  is-plain-obj@2.1.0:
    resolution: {integrity: sha512-YWnfyRwxL/+SsrWYfOpUtz5b3YD+nyfkHvjbcanzk8zgyO4ASD67uVMRt8k5bM4lLMDnXfriRhOpemw+NfT1eA==}
    engines: {node: '>=8'}

  is-regex@1.1.4:
    resolution: {integrity: sha512-kvRdxDsxZjhzUX07ZnLydzS1TU/TJlTUHHY4YLL87e37oUA49DfkLqgy+VjFocowy29cKvcSiu+kIv728jTTVg==}
    engines: {node: '>= 0.4'}

  is-set@2.0.3:
    resolution: {integrity: sha512-iPAjerrse27/ygGLxw+EBR9agv9Y6uLeYVJMu+QNCoouJ1/1ri0mGrcWpfCqFZuzzx3WjtwxG098X+n4OuRkPg==}
    engines: {node: '>= 0.4'}

  is-shared-array-buffer@1.0.3:
    resolution: {integrity: sha512-nA2hv5XIhLR3uVzDDfCIknerhx8XUKnstuOERPNNIinXG7v9u+ohXF67vxm4TPTEPU6lm61ZkwP3c9PCB97rhg==}
    engines: {node: '>= 0.4'}

  is-stream@3.0.0:
    resolution: {integrity: sha512-LnQR4bZ9IADDRSkvpqMGvt/tEJWclzklNgSw48V5EAaAeDd6qGvN8ei6k5p0tvxSR171VmGyHuTiAOfxAbr8kA==}
    engines: {node: ^12.20.0 || ^14.13.1 || >=16.0.0}

  is-string@1.0.7:
    resolution: {integrity: sha512-tE2UXzivje6ofPW7l23cjDOMa09gb7xlAqG6jG5ej6uPV32TlWP3NKPigtaGeHNu9fohccRYvIiZMfOOnOYUtg==}
    engines: {node: '>= 0.4'}

  is-symbol@1.0.4:
    resolution: {integrity: sha512-C/CPBqKWnvdcxqIARxyOh4v1UUEOCHpgDa0WYgpKDFMszcrPcffg5uhwSgPCLD2WWxmq6isisz87tzT01tuGhg==}
    engines: {node: '>= 0.4'}

  is-typed-array@1.1.13:
    resolution: {integrity: sha512-uZ25/bUAlUY5fR4OKT4rZQEBrzQWYV9ZJYGGsUmEJ6thodVJ1HX64ePQ6Z0qPWP+m+Uq6e9UugrE38jeYsDSMw==}
    engines: {node: '>= 0.4'}

  is-typedarray@1.0.0:
    resolution: {integrity: sha512-cyA56iCMHAh5CdzjJIa4aohJyeO1YbwLi3Jc35MmRU6poroFjIGZzUzupGiRPOjgHg9TLu43xbpwXk523fMxKA==}

  is-weakmap@2.0.2:
    resolution: {integrity: sha512-K5pXYOm9wqY1RgjpL3YTkF39tni1XajUIkawTLUo9EZEVUFga5gSQJF8nNS7ZwJQ02y+1YCNYcMh+HIf1ZqE+w==}
    engines: {node: '>= 0.4'}

  is-weakref@1.0.2:
    resolution: {integrity: sha512-qctsuLZmIQ0+vSSMfoVvyFe2+GSEvnmZ2ezTup1SBse9+twCCeial6EEi3Nc2KFcf6+qz2FBPnjXsk8xhKSaPQ==}

  is-weakset@2.0.3:
    resolution: {integrity: sha512-LvIm3/KWzS9oRFHugab7d+M/GcBXuXX5xZkzPmN+NxihdQlZUQ4dWuSV1xR/sq6upL1TJEDrfBgRepHFdBtSNQ==}
    engines: {node: '>= 0.4'}

  is-windows@1.0.2:
    resolution: {integrity: sha512-eXK1UInq2bPmjyX6e3VHIzMLobc4J94i4AWn+Hpq3OU5KkrRC96OAcR3PRJ/pGu6m8TRnBHP9dkXQVsT/COVIA==}
    engines: {node: '>=0.10.0'}

  isarray@2.0.5:
    resolution: {integrity: sha512-xHjhDr3cNBK0BzdUJSPXZntQUx/mwMS5Rw4A7lPJ90XGAO6ISP/ePDNuo0vhqOZU+UD5JoodwCAAoZQd3FeAKw==}

  jsonfile@6.1.0:
    resolution: {integrity: sha512-5dgndWOriYSm5cnYaJNhalLNDKOqFwyDB/rr1E9ZsGciGvKPs8R2xYGCacuf3z6K1YKDz182fd+fY3cn3pMqXQ==}

  make-dir@3.1.0:
    resolution: {integrity: sha512-g3FeP20LNwhALb/6Cz6Dd4F2ngze0jz7tbzrD2wAV+o9FeNHe4rL+yK2md0J/fiSf1sa1ADhXqi5+oVwOM/eGw==}
    engines: {node: '>=8'}

  make-error@1.3.6:
    resolution: {integrity: sha512-s8UhlNe7vPKomQhC1qFelMokr/Sc3AgNbso3n74mVPA5LTZwkB9NlXf4XPamLxJE8h0gh73rM94xvwRT2CVInw==}

  minimatch@3.1.2:
    resolution: {integrity: sha512-J7p63hRiAjw1NDEww1W7i37+ByIrOWO5XQQAzZ3VOcL0PNybwpfmV/N05zFAzwQ9USyEcX6t3UO+K5aqBQOIHw==}

  minimist@1.2.8:
    resolution: {integrity: sha512-2yyAR8qBkN3YuheJanUpWC5U3bb5osDywNB8RzDVlDwDHbocAJveqqj1u8+SVD7jkWT4yvsHCpWqqWqAxb0zCA==}

  mock-property@1.0.3:
    resolution: {integrity: sha512-2emPTb1reeLLYwHxyVx993iYyCHEiRRO+y8NFXFPL5kl5q14sgTK76cXyEKkeKCHeRw35SfdkUJ10Q1KfHuiIQ==}
    engines: {node: '>= 0.4'}

  object-inspect@1.13.2:
    resolution: {integrity: sha512-IRZSRuzJiynemAXPYtPe5BoI/RESNYR7TYm50MC5Mqbd3Jmw5y790sErYw3V6SryFJD64b74qQQs9wn5Bg/k3g==}
    engines: {node: '>= 0.4'}

  object-is@1.1.6:
    resolution: {integrity: sha512-F8cZ+KfGlSGi09lJT7/Nd6KJZ9ygtvYC0/UYYLI9nmQKLMnydpB9yvbv9K1uSkEu7FU9vYPmVwLg328tX+ot3Q==}
    engines: {node: '>= 0.4'}

  object-keys@1.1.1:
    resolution: {integrity: sha512-NuAESUOUMrlIXOfHKzD6bpPu3tYt3xvjNdRIQ+FeT0lNb4K8WR70CaDxhuNguS2XG+GjkyMwOzsN5ZktImfhLA==}
    engines: {node: '>= 0.4'}

  object.assign@4.1.5:
    resolution: {integrity: sha512-byy+U7gp+FVwmyzKPYhW2h5l3crpmGsxl7X2s8y43IgxvG4g3QZ6CffDtsNQy1WsmZpQbO+ybo0AlW7TY6DcBQ==}
    engines: {node: '>= 0.4'}

  once@1.4.0:
    resolution: {integrity: sha512-lNaJgI+2Q5URQBkccEKHTQOPaXdUxnZZElQTZY0MFUAuaEqe1E+Nyvgdz/aIyNi6Z9MzO5dv1H8n58/GELp3+w==}

  path-is-absolute@1.0.1:
    resolution: {integrity: sha512-AVbw3UJ2e9bq64vSaS9Am0fje1Pa8pbGqTTsmXfaIiMpnr5DlDhfJOuLj9Sf95ZPVDAUerDfEk88MPmPe7UCQg==}
    engines: {node: '>=0.10.0'}

  path-parse@1.0.7:
    resolution: {integrity: sha512-LDJzPVEEEPR+y48z93A0Ed0yXb8pAByGWo/k5YYdYgpY2/2EsOsksJrq7lOHxryrVOn1ejG6oAp8ahvOIQD8sw==}

  possible-typed-array-names@1.0.0:
    resolution: {integrity: sha512-d7Uw+eZoloe0EHDIYoe+bQ5WXnGMOpmiZFTuMWCwpjzzkL2nTjcKiAk4hh8TjnGye2TwWOk3UXucZ+3rbmBa8Q==}
    engines: {node: '>= 0.4'}

  regexp.prototype.flags@1.5.2:
    resolution: {integrity: sha512-NcDiDkTLuPR+++OCKB0nWafEmhg/Da8aUPLPMQbK+bxKKCm1/S5he+AqYa4PlMCVBalb4/yxIRub6qkEx5yJbw==}
    engines: {node: '>= 0.4'}

  rename-overwrite@6.0.0:
    resolution: {integrity: sha512-njyKyIyxYix8yklXAd5Jrp2otBFZdzD8069W/LaqhRpXqpdQpIb0ZEcheX25IdpX2LBpsGl3Qk+NRD/M7S27wg==}
    engines: {node: '>=18'}

  resolve@2.0.0-next.5:
    resolution: {integrity: sha512-U7WjGVG9sH8tvjW5SmGbQuui75FiyjAX72HX15DwBBwF9dNiQZRQAg9nnPhYy+TUnE0+VcrttuvNI8oSxZcocA==}
    hasBin: true

  rimraf@3.0.2:
    resolution: {integrity: sha512-JZkJMZkAGFFPP2YqXZXPbMlMBgsxzE8ILs4lMIX/2o0L9UBw9O/Y3o6wFw/i9YLapcUJWwqbi3kdxIPdC62TIA==}
    deprecated: Rimraf versions prior to v4 are no longer supported
    hasBin: true

  safe-array-concat@1.1.2:
    resolution: {integrity: sha512-vj6RsCsWBCf19jIeHEfkRMw8DPiBb+DMXklQ/1SGDHOMlHdPUkZXFQ2YdplS23zESTijAcurb1aSgJA3AgMu1Q==}
    engines: {node: '>=0.4'}

  safe-regex-test@1.0.3:
    resolution: {integrity: sha512-CdASjNJPvRa7roO6Ra/gLYBTzYzzPyyBXxIMdGW3USQLyjWEls2RgW5UBTXaQVp+OrpeCK3bLem8smtmheoRuw==}
    engines: {node: '>= 0.4'}

  semver@6.3.1:
    resolution: {integrity: sha512-BR7VvDCVHO+q2xBEWskxS6DJE1qRnb7DxzUrogb71CWoSficBxYsiAGd+Kl0mmq/MprG9yArRkyrQxTO6XjMzA==}
    hasBin: true

  set-function-length@1.2.2:
    resolution: {integrity: sha512-pgRc4hJ4/sNjWCSS9AmnS40x3bNMDTknHgL5UaMBTMyJnU90EgWh1Rz+MC9eFu4BuN/UwZjKQuY/1v3rM7HMfg==}
    engines: {node: '>= 0.4'}

  set-function-name@2.0.2:
    resolution: {integrity: sha512-7PGFlmtwsEADb0WYyvCMa1t+yke6daIG4Wirafur5kcf+MhUnPms1UeR0CKQdTZD81yESwMHbtn+TR+dMviakQ==}
    engines: {node: '>= 0.4'}

  side-channel@1.0.6:
    resolution: {integrity: sha512-fDW/EZ6Q9RiO8eFG8Hj+7u/oW+XrPTIChwCOM2+th2A6OblDtYYIpve9m+KvI9Z4C9qSEXlaGR6bTEYHReuglA==}
    engines: {node: '>= 0.4'}

  signal-exit@3.0.7:
    resolution: {integrity: sha512-wnD2ZE+l+SPC/uoS0vXeE9L1+0wuaMqKlfz9AMUo38JsyLSBWSFcHR1Rri62LZc12vLr1gb3jl7iwQhgwpAbGQ==}

  sort-keys@4.2.0:
    resolution: {integrity: sha512-aUYIEU/UviqPgc8mHR6IW1EGxkAXpeRETYcrzg8cLAvUPZcpAlleSXHV2mY7G12GphSH6Gzv+4MMVSSkbdteHg==}
    engines: {node: '>=8'}

  stop-iteration-iterator@1.0.0:
    resolution: {integrity: sha512-iCGQj+0l0HOdZ2AEeBADlsRC+vsnDsZsbdSiH1yNSjcfKM7fdpCMfqAL/dwF5BLiw/XhRft/Wax6zQbhq2BcjQ==}
    engines: {node: '>= 0.4'}

  string.prototype.trim@1.2.9:
    resolution: {integrity: sha512-klHuCNxiMZ8MlsOihJhJEBJAiMVqU3Z2nEXWfWnIqjN0gEFS9J9+IxKozWWtQGcgoa1WUZzLjKPTr4ZHNFTFxw==}
    engines: {node: '>= 0.4'}

  string.prototype.trimend@1.0.8:
    resolution: {integrity: sha512-p73uL5VCHCO2BZZ6krwwQE3kCzM7NKmis8S//xEC6fQonchbum4eP6kR4DLEjQFO3Wnj3Fuo8NM0kOSjVdHjZQ==}

  string.prototype.trimstart@1.0.8:
    resolution: {integrity: sha512-UXSH262CSZY1tfu3G3Secr6uGLCFVPMhIqHjlgCUtCCcgihYc/xKs9djMTMUOb2j1mVSeU8EU6NWc/iQKU6Gfg==}
    engines: {node: '>= 0.4'}

  supports-preserve-symlinks-flag@1.0.0:
    resolution: {integrity: sha512-ot0WnXS9fgdkgIcePe6RHNk1WA8+muPa6cSjeR3V8K27q9BB1rTE3R1p7Hv0z1ZyAc8s6Vvv8DIyWf681MAt0w==}
    engines: {node: '>= 0.4'}

  tape@5.8.1:
    resolution: {integrity: sha512-pUzADXBVYm5Jkneh9hfXnirADrzQrDA3vddKbPOc/ZLORj4dFQ6GR1KdGWX0/NvOLDcYkVgeMdw78Uf6BzO3KA==}
    hasBin: true

  temp-dir@3.0.0:
    resolution: {integrity: sha512-nHc6S/bwIilKHNRgK/3jlhDoIHcp45YgyiwcAk46Tr0LfEqGBVpmiAyuiuxeVE44m3mXnEeVhaipLOEWmH+Njw==}
    engines: {node: '>=14.16'}

  tempy@3.1.0:
    resolution: {integrity: sha512-7jDLIdD2Zp0bDe5r3D2qtkd1QOCacylBuL7oa4udvN6v2pqr4+LcCr67C8DR1zkpaZ8XosF5m1yQSabKAW6f2g==}
    engines: {node: '>=14.16'}

  ts-node@10.9.2:
    resolution: {integrity: sha512-f0FFpIdcHgn8zcPSbf1dRevwt047YMnaiJM3u2w2RewrB+fob/zePZcrOyQoLMMO7aBIddLcQIEK5dYjkLnGrQ==}
    hasBin: true
    peerDependencies:
      '@swc/core': '>=1.2.50'
      '@swc/wasm': '>=1.2.50'
      '@types/node': '*'
      typescript: '>=2.7'
    peerDependenciesMeta:
      '@swc/core':
        optional: true
      '@swc/wasm':
        optional: true

  type-fest@1.4.0:
    resolution: {integrity: sha512-yGSza74xk0UG8k+pLh5oeoYirvIiWo5t0/o3zHHAO2tRDiZcxWP7fywNlXhqb6/r6sWvwi+RsyQMWhVLe4BVuA==}
    engines: {node: '>=10'}

  type-fest@2.19.0:
    resolution: {integrity: sha512-RAH822pAdBgcNMAfWnCBU3CFZcfZ/i1eZjwFU/dsLKumyuuP3niueg2UAukXYF0E2AAoc82ZSSf9J0WQBinzHA==}
    engines: {node: '>=12.20'}

  typed-array-buffer@1.0.2:
    resolution: {integrity: sha512-gEymJYKZtKXzzBzM4jqa9w6Q1Jjm7x2d+sh19AdsD4wqnMPDYyvwpsIc2Q/835kHuo3BEQ7CjelGhfTsoBb2MQ==}
    engines: {node: '>= 0.4'}

  typed-array-byte-length@1.0.1:
    resolution: {integrity: sha512-3iMJ9q0ao7WE9tWcaYKIptkNBuOIcZCCT0d4MRvuuH88fEoEH62IuQe0OtraD3ebQEoTRk8XCBoknUNc1Y67pw==}
    engines: {node: '>= 0.4'}

  typed-array-byte-offset@1.0.2:
    resolution: {integrity: sha512-Ous0vodHa56FviZucS2E63zkgtgrACj7omjwd/8lTEMEPFFyjfixMZ1ZXenpgCFBBt4EC1J2XsyVS2gkG0eTFA==}
    engines: {node: '>= 0.4'}

  typed-array-length@1.0.6:
    resolution: {integrity: sha512-/OxDN6OtAk5KBpGb28T+HZc2M+ADtvRxXrKKbUwtsLgdoxgX13hyy7ek6bFRl5+aBs2yZzB0c4CnQfAtVypW/g==}
    engines: {node: '>= 0.4'}

  typedarray-to-buffer@3.1.5:
    resolution: {integrity: sha512-zdu8XMNEDepKKR+XYOXAVPtWui0ly0NtohUscw+UmaHiAWT8hrV1rr//H6V+0DvJ3OQ19S979M0laLfX8rm82Q==}

  typescript@5.5.3:
    resolution: {integrity: sha512-/hreyEujaB0w76zKo6717l3L0o/qEUtRgdvUBvlkhoWeOVMjMuHNHk0BRBzikzuGDqNmPQbg5ifMEqsHLiIUcQ==}
    engines: {node: '>=14.17'}
    hasBin: true

  unbox-primitive@1.0.2:
    resolution: {integrity: sha512-61pPlCD9h51VoreyJ0BReideM3MDKMKnh6+V9L08331ipq6Q8OFXZYiqP6n/tbHx4s5I9uRhcye6BrbkizkBDw==}

  undici-types@5.26.5:
    resolution: {integrity: sha512-JlCMO+ehdEIKqlFxk6IfVoAUVmgz7cU7zD/h9XZ0qzeosSHmUJVOzSQvvYSYWXkFXC+IfLKSIffhv0sVZup6pA==}

  unique-string@3.0.0:
    resolution: {integrity: sha512-VGXBUVwxKMBUznyffQweQABPRRW1vHZAbadFZud4pLFAqRGvv/96vafgjWFqzourzr8YonlQiPgH0YCJfawoGQ==}
    engines: {node: '>=12'}

  universalify@2.0.1:
    resolution: {integrity: sha512-gptHNQghINnc/vTGIk0SOFGFNXw7JVrlRUtConJRlvaw6DuX0wO5Jeko9sWrMBhh+PsYAZ7oXAiOnf/UKogyiw==}
    engines: {node: '>= 10.0.0'}

  v8-compile-cache-lib@3.0.1:
    resolution: {integrity: sha512-wa7YjyUGfNZngI/vtK0UHAN+lgDCxBPCylVXGp0zu59Fz5aiGtNXaq3DhIov063MorB+VfufLh3JlF2KdTK3xg==}

  which-boxed-primitive@1.0.2:
    resolution: {integrity: sha512-bwZdv0AKLpplFY2KZRX6TvyuN7ojjr7lwkg6ml0roIy9YeuSr7JS372qlNW18UQYzgYK9ziGcerWqZOmEn9VNg==}

  which-collection@1.0.2:
    resolution: {integrity: sha512-K4jVyjnBdgvc86Y6BkaLZEN933SwYOuBFkdmBu9ZfkcAbdVbpITnDmjvZ/aQjRXQrv5EPkTnD1s39GiiqbngCw==}
    engines: {node: '>= 0.4'}

  which-typed-array@1.1.15:
    resolution: {integrity: sha512-oV0jmFtUky6CXfkqehVvBP/LSWJ2sy4vWMioiENyJLePrBO/yKyV9OyJySfAKosh+RYkIl5zJCNZ8/4JncrpdA==}
    engines: {node: '>= 0.4'}

  wrappy@1.0.2:
    resolution: {integrity: sha512-l4Sp/DRseor9wL6EvV2+TuQn63dMkPjZ/sp9XkghTEbV9KlPS1xUsZ3u7/IQO4wxtcFB4bgpQPRcR3QCvezPcQ==}

  write-file-atomic@3.0.3:
    resolution: {integrity: sha512-AvHcyZ5JnSfq3ioSyjrBkH9yW4m7Ayk8/9My/DD9onKeu/94fwrMocemO2QAJFAlnnDN+ZDS+ZjAR5ua1/PV/Q==}

  write-json-file@4.3.0:
    resolution: {integrity: sha512-PxiShnxf0IlnQuMYOPPhPkhExoCQuTUNPOa/2JWCYTmBquU9njyyDuwRKN26IZBlp4yn1nt+Agh2HOOBl+55HQ==}
    engines: {node: '>=8.3'}

  yn@3.1.1:
    resolution: {integrity: sha512-Ux4ygGWsu2c7isFWe8Yu1YluJmqVhxqK2cLXNQA5AcC3QfbGNpM7fu0Y8b/z16pXLnFxZYvWhd3fhBY9DLmC6Q==}
    engines: {node: '>=6'}

snapshots:

  '@cspotcode/source-map-support@0.8.1':
    dependencies:
      '@jridgewell/trace-mapping': 0.3.9

  '@jridgewell/resolve-uri@3.1.2': {}

  '@jridgewell/sourcemap-codec@1.4.15': {}

  '@jridgewell/trace-mapping@0.3.9':
    dependencies:
      '@jridgewell/resolve-uri': 3.1.2
      '@jridgewell/sourcemap-codec': 1.4.15

  '@ljharb/resumer@0.1.3':
    dependencies:
      '@ljharb/through': 2.3.13
      call-bind: 1.0.7

  '@ljharb/through@2.3.13':
    dependencies:
      call-bind: 1.0.7

  '@tsconfig/node10@1.0.11': {}

  '@tsconfig/node12@1.0.11': {}

  '@tsconfig/node14@1.0.3': {}

  '@tsconfig/node16@1.0.4': {}

  '@types/node@20.14.10':
    dependencies:
      undici-types: 5.26.5

  '@types/tape@5.6.4':
    dependencies:
      '@types/node': 20.14.10
      '@types/through': 0.0.33

  '@types/through@0.0.33':
    dependencies:
      '@types/node': 20.14.10

  '@zkochan/rimraf@3.0.2': {}

  acorn-walk@8.3.3:
    dependencies:
      acorn: 8.12.1

  acorn@8.12.1: {}

  arg@4.1.3: {}

  array-buffer-byte-length@1.0.1:
    dependencies:
      call-bind: 1.0.7
      is-array-buffer: 3.0.4

  array.prototype.every@1.1.6:
    dependencies:
      call-bind: 1.0.7
      define-properties: 1.2.1
      es-abstract: 1.23.3
      es-object-atoms: 1.0.0
      is-string: 1.0.7

  arraybuffer.prototype.slice@1.0.3:
    dependencies:
      array-buffer-byte-length: 1.0.1
      call-bind: 1.0.7
      define-properties: 1.2.1
      es-abstract: 1.23.3
      es-errors: 1.3.0
      get-intrinsic: 1.2.4
      is-array-buffer: 3.0.4
      is-shared-array-buffer: 1.0.3

  available-typed-arrays@1.0.7:
    dependencies:
      possible-typed-array-names: 1.0.0

  balanced-match@1.0.2: {}

  better-path-resolve@1.0.0:
    dependencies:
      is-windows: 1.0.2

  brace-expansion@1.1.11:
    dependencies:
      balanced-match: 1.0.2
      concat-map: 0.0.1

  call-bind@1.0.7:
    dependencies:
      es-define-property: 1.0.0
      es-errors: 1.3.0
      function-bind: 1.1.2
      get-intrinsic: 1.2.4
      set-function-length: 1.2.2

  concat-map@0.0.1: {}

  create-require@1.1.1: {}

  crypto-random-string@4.0.0:
    dependencies:
      type-fest: 1.4.0

  data-view-buffer@1.0.1:
    dependencies:
      call-bind: 1.0.7
      es-errors: 1.3.0
      is-data-view: 1.0.1

  data-view-byte-length@1.0.1:
    dependencies:
      call-bind: 1.0.7
      es-errors: 1.3.0
      is-data-view: 1.0.1

  data-view-byte-offset@1.0.0:
    dependencies:
      call-bind: 1.0.7
      es-errors: 1.3.0
      is-data-view: 1.0.1

  deep-equal@2.2.3:
    dependencies:
      array-buffer-byte-length: 1.0.1
      call-bind: 1.0.7
      es-get-iterator: 1.1.3
      get-intrinsic: 1.2.4
      is-arguments: 1.1.1
      is-array-buffer: 3.0.4
      is-date-object: 1.0.5
      is-regex: 1.1.4
      is-shared-array-buffer: 1.0.3
      isarray: 2.0.5
      object-is: 1.1.6
      object-keys: 1.1.1
      object.assign: 4.1.5
      regexp.prototype.flags: 1.5.2
      side-channel: 1.0.6
      which-boxed-primitive: 1.0.2
      which-collection: 1.0.2
      which-typed-array: 1.1.15

  define-data-property@1.1.4:
    dependencies:
      es-define-property: 1.0.0
      es-errors: 1.3.0
      gopd: 1.0.1

  define-properties@1.2.1:
    dependencies:
      define-data-property: 1.1.4
      has-property-descriptors: 1.0.2
      object-keys: 1.1.1

  defined@1.0.1: {}

  detect-indent@6.1.0: {}

  diff@4.0.2: {}

  dotignore@0.1.2:
    dependencies:
      minimatch: 3.1.2

  es-abstract@1.23.3:
    dependencies:
      array-buffer-byte-length: 1.0.1
      arraybuffer.prototype.slice: 1.0.3
      available-typed-arrays: 1.0.7
      call-bind: 1.0.7
      data-view-buffer: 1.0.1
      data-view-byte-length: 1.0.1
      data-view-byte-offset: 1.0.0
      es-define-property: 1.0.0
      es-errors: 1.3.0
      es-object-atoms: 1.0.0
      es-set-tostringtag: 2.0.3
      es-to-primitive: 1.2.1
      function.prototype.name: 1.1.6
      get-intrinsic: 1.2.4
      get-symbol-description: 1.0.2
      globalthis: 1.0.4
      gopd: 1.0.1
      has-property-descriptors: 1.0.2
      has-proto: 1.0.3
      has-symbols: 1.0.3
      hasown: 2.0.2
      internal-slot: 1.0.7
      is-array-buffer: 3.0.4
      is-callable: 1.2.7
      is-data-view: 1.0.1
      is-negative-zero: 2.0.3
      is-regex: 1.1.4
      is-shared-array-buffer: 1.0.3
      is-string: 1.0.7
      is-typed-array: 1.1.13
      is-weakref: 1.0.2
      object-inspect: 1.13.2
      object-keys: 1.1.1
      object.assign: 4.1.5
      regexp.prototype.flags: 1.5.2
      safe-array-concat: 1.1.2
      safe-regex-test: 1.0.3
      string.prototype.trim: 1.2.9
      string.prototype.trimend: 1.0.8
      string.prototype.trimstart: 1.0.8
      typed-array-buffer: 1.0.2
      typed-array-byte-length: 1.0.1
      typed-array-byte-offset: 1.0.2
      typed-array-length: 1.0.6
      unbox-primitive: 1.0.2
      which-typed-array: 1.1.15

  es-define-property@1.0.0:
    dependencies:
      get-intrinsic: 1.2.4

  es-errors@1.3.0: {}

  es-get-iterator@1.1.3:
    dependencies:
      call-bind: 1.0.7
      get-intrinsic: 1.2.4
      has-symbols: 1.0.3
      is-arguments: 1.1.1
      is-map: 2.0.3
      is-set: 2.0.3
      is-string: 1.0.7
      isarray: 2.0.5
      stop-iteration-iterator: 1.0.0

  es-object-atoms@1.0.0:
    dependencies:
      es-errors: 1.3.0

  es-set-tostringtag@2.0.3:
    dependencies:
      get-intrinsic: 1.2.4
      has-tostringtag: 1.0.2
      hasown: 2.0.2

  es-to-primitive@1.2.1:
    dependencies:
      is-callable: 1.2.7
      is-date-object: 1.0.5
      is-symbol: 1.0.4

  for-each@0.3.3:
    dependencies:
      is-callable: 1.2.7

  fs-extra@10.1.0:
    dependencies:
      graceful-fs: 4.2.11
      jsonfile: 6.1.0
      universalify: 2.0.1

  fs.realpath@1.0.0: {}

  function-bind@1.1.2: {}

  function.prototype.name@1.1.6:
    dependencies:
      call-bind: 1.0.7
      define-properties: 1.2.1
      es-abstract: 1.23.3
      functions-have-names: 1.2.3

  functions-have-names@1.2.3: {}

  get-intrinsic@1.2.4:
    dependencies:
      es-errors: 1.3.0
      function-bind: 1.1.2
      has-proto: 1.0.3
      has-symbols: 1.0.3
      hasown: 2.0.2

  get-package-type@0.1.0: {}

  get-symbol-description@1.0.2:
    dependencies:
      call-bind: 1.0.7
      es-errors: 1.3.0
      get-intrinsic: 1.2.4

  glob@7.2.3:
    dependencies:
      fs.realpath: 1.0.0
      inflight: 1.0.6
      inherits: 2.0.4
      minimatch: 3.1.2
      once: 1.4.0
      path-is-absolute: 1.0.1

  globalthis@1.0.4:
    dependencies:
      define-properties: 1.2.1
      gopd: 1.0.1

  gopd@1.0.1:
    dependencies:
      get-intrinsic: 1.2.4

  graceful-fs@4.2.11: {}

  has-bigints@1.0.2: {}

  has-dynamic-import@2.1.0:
    dependencies:
      call-bind: 1.0.7
      get-intrinsic: 1.2.4

  has-property-descriptors@1.0.2:
    dependencies:
      es-define-property: 1.0.0

  has-proto@1.0.3: {}

  has-symbols@1.0.3: {}

  has-tostringtag@1.0.2:
    dependencies:
      has-symbols: 1.0.3

  hasown@2.0.2:
    dependencies:
      function-bind: 1.1.2

  imurmurhash@0.1.4: {}

  inflight@1.0.6:
    dependencies:
      once: 1.4.0
      wrappy: 1.0.2

  inherits@2.0.4: {}

  internal-slot@1.0.7:
    dependencies:
      es-errors: 1.3.0
      hasown: 2.0.2
      side-channel: 1.0.6

  is-arguments@1.1.1:
    dependencies:
      call-bind: 1.0.7
      has-tostringtag: 1.0.2

  is-array-buffer@3.0.4:
    dependencies:
      call-bind: 1.0.7
      get-intrinsic: 1.2.4

  is-bigint@1.0.4:
    dependencies:
      has-bigints: 1.0.2

  is-boolean-object@1.1.2:
    dependencies:
      call-bind: 1.0.7
      has-tostringtag: 1.0.2

  is-callable@1.2.7: {}

  is-core-module@2.14.0:
    dependencies:
      hasown: 2.0.2

  is-data-view@1.0.1:
    dependencies:
      is-typed-array: 1.1.13

  is-date-object@1.0.5:
    dependencies:
      has-tostringtag: 1.0.2

  is-map@2.0.3: {}

  is-negative-zero@2.0.3: {}

  is-number-object@1.0.7:
    dependencies:
      has-tostringtag: 1.0.2

  is-plain-obj@2.1.0: {}

  is-regex@1.1.4:
    dependencies:
      call-bind: 1.0.7
      has-tostringtag: 1.0.2

  is-set@2.0.3: {}

  is-shared-array-buffer@1.0.3:
    dependencies:
      call-bind: 1.0.7

  is-stream@3.0.0: {}

  is-string@1.0.7:
    dependencies:
      has-tostringtag: 1.0.2

  is-symbol@1.0.4:
    dependencies:
      has-symbols: 1.0.3

  is-typed-array@1.1.13:
    dependencies:
      which-typed-array: 1.1.15

  is-typedarray@1.0.0: {}

  is-weakmap@2.0.2: {}

  is-weakref@1.0.2:
    dependencies:
      call-bind: 1.0.7

  is-weakset@2.0.3:
    dependencies:
      call-bind: 1.0.7
      get-intrinsic: 1.2.4

  is-windows@1.0.2: {}

  isarray@2.0.5: {}

  jsonfile@6.1.0:
    dependencies:
      universalify: 2.0.1
    optionalDependencies:
      graceful-fs: 4.2.11

  make-dir@3.1.0:
    dependencies:
      semver: 6.3.1

  make-error@1.3.6: {}

  minimatch@3.1.2:
    dependencies:
      brace-expansion: 1.1.11

  minimist@1.2.8: {}

  mock-property@1.0.3:
    dependencies:
      define-data-property: 1.1.4
      functions-have-names: 1.2.3
      gopd: 1.0.1
      has-property-descriptors: 1.0.2
      hasown: 2.0.2
      isarray: 2.0.5

  object-inspect@1.13.2: {}

  object-is@1.1.6:
    dependencies:
      call-bind: 1.0.7
      define-properties: 1.2.1

  object-keys@1.1.1: {}

  object.assign@4.1.5:
    dependencies:
      call-bind: 1.0.7
      define-properties: 1.2.1
      has-symbols: 1.0.3
      object-keys: 1.1.1

  once@1.4.0:
    dependencies:
      wrappy: 1.0.2

  path-is-absolute@1.0.1: {}

  path-parse@1.0.7: {}

  possible-typed-array-names@1.0.0: {}

  regexp.prototype.flags@1.5.2:
    dependencies:
      call-bind: 1.0.7
      define-properties: 1.2.1
      es-errors: 1.3.0
      set-function-name: 2.0.2

  rename-overwrite@6.0.0:
    dependencies:
      '@zkochan/rimraf': 3.0.2
      fs-extra: 10.1.0

  resolve@2.0.0-next.5:
    dependencies:
      is-core-module: 2.14.0
      path-parse: 1.0.7
      supports-preserve-symlinks-flag: 1.0.0

  rimraf@3.0.2:
    dependencies:
      glob: 7.2.3

  safe-array-concat@1.1.2:
    dependencies:
      call-bind: 1.0.7
      get-intrinsic: 1.2.4
      has-symbols: 1.0.3
      isarray: 2.0.5

  safe-regex-test@1.0.3:
    dependencies:
      call-bind: 1.0.7
      es-errors: 1.3.0
      is-regex: 1.1.4

  semver@6.3.1: {}

  set-function-length@1.2.2:
    dependencies:
      define-data-property: 1.1.4
      es-errors: 1.3.0
      function-bind: 1.1.2
      get-intrinsic: 1.2.4
      gopd: 1.0.1
      has-property-descriptors: 1.0.2

  set-function-name@2.0.2:
    dependencies:
      define-data-property: 1.1.4
      es-errors: 1.3.0
      functions-have-names: 1.2.3
      has-property-descriptors: 1.0.2

  side-channel@1.0.6:
    dependencies:
      call-bind: 1.0.7
      es-errors: 1.3.0
      get-intrinsic: 1.2.4
      object-inspect: 1.13.2

  signal-exit@3.0.7: {}

  sort-keys@4.2.0:
    dependencies:
      is-plain-obj: 2.1.0

  stop-iteration-iterator@1.0.0:
    dependencies:
      internal-slot: 1.0.7

  string.prototype.trim@1.2.9:
    dependencies:
      call-bind: 1.0.7
      define-properties: 1.2.1
      es-abstract: 1.23.3
      es-object-atoms: 1.0.0

  string.prototype.trimend@1.0.8:
    dependencies:
      call-bind: 1.0.7
      define-properties: 1.2.1
      es-object-atoms: 1.0.0

  string.prototype.trimstart@1.0.8:
    dependencies:
      call-bind: 1.0.7
      define-properties: 1.2.1
      es-object-atoms: 1.0.0

  supports-preserve-symlinks-flag@1.0.0: {}

  tape@5.8.1:
    dependencies:
      '@ljharb/resumer': 0.1.3
      '@ljharb/through': 2.3.13
      array.prototype.every: 1.1.6
      call-bind: 1.0.7
      deep-equal: 2.2.3
      defined: 1.0.1
      dotignore: 0.1.2
      for-each: 0.3.3
      get-package-type: 0.1.0
      glob: 7.2.3
      has-dynamic-import: 2.1.0
      hasown: 2.0.2
      inherits: 2.0.4
      is-regex: 1.1.4
      minimist: 1.2.8
      mock-property: 1.0.3
      object-inspect: 1.13.2
      object-is: 1.1.6
      object-keys: 1.1.1
      object.assign: 4.1.5
      resolve: 2.0.0-next.5
      string.prototype.trim: 1.2.9

  temp-dir@3.0.0: {}

  tempy@3.1.0:
    dependencies:
      is-stream: 3.0.0
      temp-dir: 3.0.0
      type-fest: 2.19.0
      unique-string: 3.0.0

  ts-node@10.9.2(@types/node@20.14.10)(typescript@5.5.3):
    dependencies:
      '@cspotcode/source-map-support': 0.8.1
      '@tsconfig/node10': 1.0.11
      '@tsconfig/node12': 1.0.11
      '@tsconfig/node14': 1.0.3
      '@tsconfig/node16': 1.0.4
      '@types/node': 20.14.10
      acorn: 8.12.1
      acorn-walk: 8.3.3
      arg: 4.1.3
      create-require: 1.1.1
      diff: 4.0.2
      make-error: 1.3.6
      typescript: 5.5.3
      v8-compile-cache-lib: 3.0.1
      yn: 3.1.1

  type-fest@1.4.0: {}

  type-fest@2.19.0: {}

  typed-array-buffer@1.0.2:
    dependencies:
      call-bind: 1.0.7
      es-errors: 1.3.0
      is-typed-array: 1.1.13

  typed-array-byte-length@1.0.1:
    dependencies:
      call-bind: 1.0.7
      for-each: 0.3.3
      gopd: 1.0.1
      has-proto: 1.0.3
      is-typed-array: 1.1.13

  typed-array-byte-offset@1.0.2:
    dependencies:
      available-typed-arrays: 1.0.7
      call-bind: 1.0.7
      for-each: 0.3.3
      gopd: 1.0.1
      has-proto: 1.0.3
      is-typed-array: 1.1.13

  typed-array-length@1.0.6:
    dependencies:
      call-bind: 1.0.7
      for-each: 0.3.3
      gopd: 1.0.1
      has-proto: 1.0.3
      is-typed-array: 1.1.13
      possible-typed-array-names: 1.0.0

  typedarray-to-buffer@3.1.5:
    dependencies:
      is-typedarray: 1.0.0

  typescript@5.5.3: {}

  unbox-primitive@1.0.2:
    dependencies:
      call-bind: 1.0.7
      has-bigints: 1.0.2
      has-symbols: 1.0.3
      which-boxed-primitive: 1.0.2

  undici-types@5.26.5: {}

  unique-string@3.0.0:
    dependencies:
      crypto-random-string: 4.0.0

  universalify@2.0.1: {}

  v8-compile-cache-lib@3.0.1: {}

  which-boxed-primitive@1.0.2:
    dependencies:
      is-bigint: 1.0.4
      is-boolean-object: 1.1.2
      is-number-object: 1.0.7
      is-string: 1.0.7
      is-symbol: 1.0.4

  which-collection@1.0.2:
    dependencies:
      is-map: 2.0.3
      is-set: 2.0.3
      is-weakmap: 2.0.2
      is-weakset: 2.0.3

  which-typed-array@1.1.15:
    dependencies:
      available-typed-arrays: 1.0.7
      call-bind: 1.0.7
      for-each: 0.3.3
      gopd: 1.0.1
      has-tostringtag: 1.0.2

  wrappy@1.0.2: {}

  write-file-atomic@3.0.3:
    dependencies:
      imurmurhash: 0.1.4
      is-typedarray: 1.0.0
      signal-exit: 3.0.7
      typedarray-to-buffer: 3.1.5

  write-json-file@4.3.0:
    dependencies:
      detect-indent: 6.1.0
      graceful-fs: 4.2.11
      is-plain-obj: 2.1.0
      make-dir: 3.1.0
      sort-keys: 4.2.0
      write-file-atomic: 3.0.3

  yn@3.1.1: {}
