---
lockfileVersion: '9.0'

importers:

  .:
    configDependencies:
      '@pnpm/plugin-better-defaults':
        specifier: 0.1.0
        version: 0.1.0
    packageManagerDependencies:
      '@pnpm/exe':
        specifier: 11.0.0-beta.0
        version: 11.0.0-beta.0
      pnpm:
        specifier: 11.0.0-beta.0
        version: 11.0.0-beta.0

packages:

  '@pnpm/exe@11.0.0-beta.0':
    hasBin: true
    resolution: {integrity: sha512-kHvLQndp9TLNCcRPoafVcEFhkGphB6pf4zuUW6Ll8oDtf4LbRva5eHhCUIWex0dSD/XQpegFk95DNDqCfNX52A==}

  '@pnpm/linux-arm64@11.0.0-beta.0':
    cpu: [arm64]
    os: [linux]
    resolution: {integrity: sha512-BDwUH88eoS+c4u/An08ozuWgh24XlC4lYzSuBv0lqfo1ShEuJ8+P8IE6y0G3SFD2/5ZJcFMtra5/EtHMrX4lkw==}

  '@pnpm/linux-x64@11.0.0-beta.0':
    cpu: [x64]
    os: [linux]
    resolution: {integrity: sha512-vLRY/APRWCkBrilKbrIrh8k+TNy8CwXmtJqW8oIkkLNUKOXiX8GMGcwks8/GnZQxHbPGdxupHi1qOShKzN6eDg==}

  '@pnpm/macos-arm64@11.0.0-beta.0':
    cpu: [arm64]
    os: [darwin]
    resolution: {integrity: sha512-kv7gIfrcSHS0H8n5hTi1sfvFksr+9NA7SHEi/QqdhLyojdTaUL4E0ts6PSpHOYDuK9b/NqlKzX0CM3dBF2lc+A==}

  '@pnpm/macos-x64@11.0.0-beta.0':
    cpu: [x64]
    os: [darwin]
    resolution: {integrity: sha512-P7PeIVChZgMwekL2HpaidPBntuOK+aggioPfHSUPeYlzn5tEnW/K/ENmdvQWhvPt4yAg3sooH4yM35z06b1XsQ==}

  '@pnpm/plugin-better-defaults@0.1.0':
    resolution: {integrity: sha512-aWj7Jv9NcNs/OoazrxP6QspLgKRZ2PHj6wPris6ZCEqmXw+Z8zK59KLzl9NBFGRCO4PNA9pwDWLu+8N3NiqUAQ==}

  '@pnpm/win-arm64@11.0.0-beta.0':
    cpu: [arm64]
    os: [win32]
    resolution: {integrity: sha512-EFdos7aRh7zWza/gGnG7sxHqiCAGGLOm7SSuvjSZL/ie8ExY/KczAPkx/QcaQpl24cqI34DKtviv5Y73gZ1zbw==}

  '@pnpm/win-x64@11.0.0-beta.0':
    cpu: [x64]
    os: [win32]
    resolution: {integrity: sha512-xjrfU+T+rOjAuHoH/Zl7aNU2Sc99aCkX9oABU3DxS46oqw3J3glP7SrYQ8D8SCfoNNSp4Da8aw8vqbcaN5anaQ==}

  '@reflink/reflink-darwin-arm64@0.1.19':
    cpu: [arm64]
    engines: {node: '>= 10'}
    os: [darwin]
    resolution: {integrity: sha512-ruy44Lpepdk1FqDz38vExBY/PVUsjxZA+chd9wozjUH9JjuDT/HEaQYA6wYN9mf041l0yLVar6BCZuWABJvHSA==}

  '@reflink/reflink-darwin-x64@0.1.19':
    cpu: [x64]
    engines: {node: '>= 10'}
    os: [darwin]
    resolution: {integrity: sha512-By85MSWrMZa+c26TcnAy8SDk0sTUkYlNnwknSchkhHpGXOtjNDUOxJE9oByBnGbeuIE1PiQsxDG3Ud+IVV9yuA==}

  '@reflink/reflink-linux-arm64-gnu@0.1.19':
    cpu: [arm64]
    engines: {node: '>= 10'}
    libc: [glibc]
    os: [linux]
    resolution: {integrity: sha512-7P+er8+rP9iNeN+bfmccM4hTAaLP6PQJPKWSA4iSk2bNvo6KU6RyPgYeHxXmzNKzPVRcypZQTpFgstHam6maVg==}

  '@reflink/reflink-linux-arm64-musl@0.1.19':
    cpu: [arm64]
    engines: {node: '>= 10'}
    libc: [musl]
    os: [linux]
    resolution: {integrity: sha512-37iO/Dp6m5DDaC2sf3zPtx/hl9FV3Xze4xoYidrxxS9bgP3S8ALroxRK6xBG/1TtfXKTvolvp+IjrUU6ujIGmA==}

  '@reflink/reflink-linux-x64-gnu@0.1.19':
    cpu: [x64]
    engines: {node: '>= 10'}
    libc: [glibc]
    os: [linux]
    resolution: {integrity: sha512-jbI8jvuYCaA3MVUdu8vLoLAFqC+iNMpiSuLbxlAgg7x3K5bsS8nOpTRnkLF7vISJ+rVR8W+7ThXlXlUQ93ulkw==}

  '@reflink/reflink-linux-x64-musl@0.1.19':
    cpu: [x64]
    engines: {node: '>= 10'}
    libc: [musl]
    os: [linux]
    resolution: {integrity: sha512-e9FBWDe+lv7QKAwtKOt6A2W/fyy/aEEfr0g6j/hWzvQcrzHCsz07BNQYlNOjTfeytrtLU7k449H1PI95jA4OjQ==}

  '@reflink/reflink-win32-arm64-msvc@0.1.19':
    cpu: [arm64]
    engines: {node: '>= 10'}
    os: [win32]
    resolution: {integrity: sha512-09PxnVIQcd+UOn4WAW73WU6PXL7DwGS6wPlkMhMg2zlHHG65F3vHepOw06HFCq+N42qkaNAc8AKIabWvtk6cIQ==}

  '@reflink/reflink-win32-x64-msvc@0.1.19':
    cpu: [x64]
    engines: {node: '>= 10'}
    os: [win32]
    resolution: {integrity: sha512-E//yT4ni2SyhwP8JRjVGWr3cbnhWDiPLgnQ66qqaanjjnMiu3O/2tjCPQXlcGc/DEYofpDc9fvhv6tALQsMV9w==}

  '@reflink/reflink@0.1.19':
    engines: {node: '>= 10'}
    resolution: {integrity: sha512-DmCG8GzysnCZ15bres3N5AHCmwBwYgp0As6xjhQ47rAUTUXxJiK+lLUxaGsX3hd/30qUpVElh05PbGuxRPgJwA==}

  pnpm@11.0.0-beta.0:
    engines: {node: '>=22.13'}
    hasBin: true
    resolution: {integrity: sha512-4Jl3lFdJe9UAZ7Ko97jmTX0OlEBGyZqsM2d3ftORPwebRMXQrc5HRbKqLAvZh4bAtj58Y3SgePRkXG29yTrlgQ==}

snapshots:

  '@pnpm/exe@11.0.0-beta.0':
    dependencies:
      '@reflink/reflink': 0.1.19
    optionalDependencies:
      '@pnpm/win-arm64': 11.0.0-beta.0
      '@pnpm/linux-arm64': 11.0.0-beta.0
      '@pnpm/macos-arm64': 11.0.0-beta.0
      '@pnpm/linux-x64': 11.0.0-beta.0
      '@pnpm/macos-x64': 11.0.0-beta.0
      '@pnpm/win-x64': 11.0.0-beta.0

  '@pnpm/linux-arm64@11.0.0-beta.0':
    optional: true

  '@pnpm/linux-x64@11.0.0-beta.0':
    optional: true

  '@pnpm/macos-arm64@11.0.0-beta.0':
    optional: true

  '@pnpm/macos-x64@11.0.0-beta.0':
    optional: true

  '@pnpm/plugin-better-defaults@0.1.0': {}

  '@pnpm/win-arm64@11.0.0-beta.0':
    optional: true

  '@pnpm/win-x64@11.0.0-beta.0':
    optional: true

  '@reflink/reflink-darwin-arm64@0.1.19':
    optional: true

  '@reflink/reflink-darwin-x64@0.1.19':
    optional: true

  '@reflink/reflink-linux-arm64-gnu@0.1.19':
    optional: true

  '@reflink/reflink-linux-arm64-musl@0.1.19':
    optional: true

  '@reflink/reflink-linux-x64-gnu@0.1.19':
    optional: true

  '@reflink/reflink-linux-x64-musl@0.1.19':
    optional: true

  '@reflink/reflink-win32-arm64-msvc@0.1.19':
    optional: true

  '@reflink/reflink-win32-x64-msvc@0.1.19':
    optional: true

  '@reflink/reflink@0.1.19':
    optionalDependencies:
      '@reflink/reflink-win32-x64-msvc': 0.1.19
      '@reflink/reflink-darwin-x64': 0.1.19
      '@reflink/reflink-linux-x64-gnu': 0.1.19
      '@reflink/reflink-linux-arm64-gnu': 0.1.19
      '@reflink/reflink-darwin-arm64': 0.1.19
      '@reflink/reflink-linux-arm64-musl': 0.1.19
      '@reflink/reflink-linux-x64-musl': 0.1.19
      '@reflink/reflink-win32-arm64-msvc': 0.1.19

  pnpm@11.0.0-beta.0: {}

---
lockfileVersion: '9.0'

settings:
  autoInstallPeers: true
  excludeLinksFromLockfile: false

pnpmfileChecksum: sha256-/xhzNOuu2gnHZ9xSXg2Whi1pXgoDOLRXuVQKnoPEjMY=

importers:

  .:
    dependencies:
      better-path-resolve:
        specifier: ^2.0.0
        version: 2.0.0
      rename-overwrite:
        specifier: ^7.0.0
        version: 7.0.0
    devDependencies:
      '@types/node':
        specifier: ^25.5.0
        version: 25.5.0
      rimraf:
        specifier: ^6.1.3
        version: 6.1.3
      tempy:
        specifier: ^3.2.0
        version: 3.2.0
      typescript:
        specifier: ^5.9.3
        version: 5.9.3
      write-json-file:
        specifier: ^7.0.0
        version: 7.0.0

packages:

  '@types/node@25.5.0':
    resolution: {integrity: sha512-jp2P3tQMSxWugkCUKLRPVUpGaL5MVFwF8RDuSRztfwgN1wmqJeMSbKlnEtQqU8UrhTmzEmZdu2I6v2dpp7XIxw==}

  '@zkochan/rimraf@4.0.0':
    resolution: {integrity: sha512-0EdBn93hMsbx4svJsKQCch+sNMuXvzWbVYqTCGdctQmxtuYK57uCURZPNiNdwS2Y31d96DMWI3BpJ9DLN2Jxfw==}
    engines: {node: '>=22.13'}

  balanced-match@4.0.4:
    resolution: {integrity: sha512-BLrgEcRTwX2o6gGxGOCNyMvGSp35YofuYzw9h1IMTRmKqttAZZVU67bdb9Pr2vUHA8+j3i2tJfjO6C6+4myGTA==}
    engines: {node: 18 || 20 || >=22}

  better-path-resolve@2.0.0:
    resolution: {integrity: sha512-VvvsZgI0upmMbG1iEFiQ7hRG+fDJwmw7iFfKLzBVNhRd2ycauJ3+3w50ESX+pS2tvS9R2hMzijwE+vinDyqQzQ==}
    engines: {node: '>=22.13'}

  brace-expansion@5.0.4:
    resolution: {integrity: sha512-h+DEnpVvxmfVefa4jFbCf5HdH5YMDXRsmKflpf1pILZWRFlTbJpxeU55nJl4Smt5HQaGzg1o6RHFPJaOqnmBDg==}
    engines: {node: 18 || 20 || >=22}

  crypto-random-string@4.0.0:
    resolution: {integrity: sha512-x8dy3RnvYdlUcPOjkEHqozhiwzKNSq7GcPuXFbnyMOCHxX8V3OgIg/pYuabl2sbUPfIJaeAQB7PMOK8DFIdoRA==}
    engines: {node: '>=12'}

  detect-indent@7.0.2:
    resolution: {integrity: sha512-y+8xyqdGLL+6sh0tVeHcfP/QDd8gUgbasolJJpY7NgeQGSZ739bDtSiaiDgtoicy+mtYB81dKLxO9xRhCyIB3A==}
    engines: {node: '>=12.20'}

  fs-extra@11.3.4:
    resolution: {integrity: sha512-CTXd6rk/M3/ULNQj8FBqBWHYBVYybQ3VPBw0xGKFe3tuH7ytT6ACnvzpIQ3UZtB8yvUKC2cXn1a+x+5EVQLovA==}
    engines: {node: '>=14.14'}

  glob@13.0.6:
    resolution: {integrity: sha512-Wjlyrolmm8uDpm/ogGyXZXb1Z+Ca2B8NbJwqBVg0axK9GbBeoS7yGV6vjXnYdGm6X53iehEuxxbyiKp8QmN4Vw==}
    engines: {node: 18 || 20 || >=22}

  graceful-fs@4.2.11:
    resolution: {integrity: sha512-RbJ5/jmFcNNCcDV5o9eTnBLJ/HszWV0P73bc+Ff4nS/rJj+YaS6IGyiOL0VoBYX+l1Wrl3k63h/KrH+nhJ0XvQ==}

  imurmurhash@0.1.4:
    resolution: {integrity: sha512-JmXMZ6wuvDmLiHEml9ykzqO6lwFbof0GG4IkcGaENdCRDDmMVnny7s5HsIgHCbaq0w2MyPhDqkhTUgS2LU2PHA==}
    engines: {node: '>=0.8.19'}

  is-plain-obj@4.1.0:
    resolution: {integrity: sha512-+Pgi+vMuUNkJyExiMBt5IlFoMyKnr5zhJ4Uspz58WOhBF5QoIZkFyNHIbBAtHwzVAgk5RtndVNsDRN61/mmDqg==}
    engines: {node: '>=12'}

  is-stream@3.0.0:
    resolution: {integrity: sha512-LnQR4bZ9IADDRSkvpqMGvt/tEJWclzklNgSw48V5EAaAeDd6qGvN8ei6k5p0tvxSR171VmGyHuTiAOfxAbr8kA==}
    engines: {node: ^12.20.0 || ^14.13.1 || >=16.0.0}

  is-windows@1.0.2:
    resolution: {integrity: sha512-eXK1UInq2bPmjyX6e3VHIzMLobc4J94i4AWn+Hpq3OU5KkrRC96OAcR3PRJ/pGu6m8TRnBHP9dkXQVsT/COVIA==}
    engines: {node: '>=0.10.0'}

  jsonfile@6.2.0:
    resolution: {integrity: sha512-FGuPw30AdOIUTRMC2OMRtQV+jkVj2cfPqSeWXv1NEAJ1qZ5zb1X6z1mFhbfOB/iy3ssJCD+3KuZ8r8C3uVFlAg==}

  lru-cache@11.2.7:
    resolution: {integrity: sha512-aY/R+aEsRelme17KGQa/1ZSIpLpNYYrhcrepKTZgE+W3WM16YMCaPwOHLHsmopZHELU0Ojin1lPVxKR0MihncA==}
    engines: {node: 20 || >=22}

  minimatch@10.2.4:
    resolution: {integrity: sha512-oRjTw/97aTBN0RHbYCdtF1MQfvusSIBQM0IZEgzl6426+8jSC0nF1a/GmnVLpfB9yyr6g6FTqWqiZVbxrtaCIg==}
    engines: {node: 18 || 20 || >=22}

  minipass@7.1.3:
    resolution: {integrity: sha512-tEBHqDnIoM/1rXME1zgka9g6Q2lcoCkxHLuc7ODJ5BxbP5d4c2Z5cGgtXAku59200Cx7diuHTOYfSBD8n6mm8A==}
    engines: {node: '>=16 || 14 >=14.17'}

  package-json-from-dist@1.0.1:
    resolution: {integrity: sha512-UEZIS3/by4OC8vL3P2dTXRETpebLI2NiI5vIrjaD/5UtrkFX/tNbwjTSRAGC/+7CAo2pIcBaRgWmcBBHcsaCIw==}

  path-scurry@2.0.2:
    resolution: {integrity: sha512-3O/iVVsJAPsOnpwWIeD+d6z/7PmqApyQePUtCndjatj/9I5LylHvt5qluFaBT3I5h3r1ejfR056c+FCv+NnNXg==}
    engines: {node: 18 || 20 || >=22}

  rename-overwrite@7.0.0:
    resolution: {integrity: sha512-DjRc82L24rSj0I67XFWZsC8ZQIzILbnLQGEtbPhLNlh/ovtwLApgITeKnP3qyI5J7st7fjKRuspkMiaiEb7NiQ==}
    engines: {node: '>=22.13'}

  rimraf@6.1.3:
    resolution: {integrity: sha512-LKg+Cr2ZF61fkcaK1UdkH2yEBBKnYjTyWzTJT6KNPcSPaiT7HSdhtMXQuN5wkTX0Xu72KQ1l8S42rlmexS2hSA==}
    engines: {node: 20 || >=22}
    hasBin: true

  signal-exit@4.1.0:
    resolution: {integrity: sha512-bzyZ1e88w9O1iNJbKnOlvYTrWPDl46O1bG0D3XInv+9tkPrxrN8jUUTiFlDkkmKWgn1M6CfIA13SuGqOa9Korw==}
    engines: {node: '>=14'}

  sort-keys@6.0.0:
    resolution: {integrity: sha512-ueSlHJMwpIw42CJ4B11Uxzh/S0p0AlOyiNktlv2KOu5e1JpUE6DlC4AAUjXqesHdBRv/g0wC9Q4vwq0NP2pA9w==}
    engines: {node: '>=20'}

  temp-dir@3.0.0:
    resolution: {integrity: sha512-nHc6S/bwIilKHNRgK/3jlhDoIHcp45YgyiwcAk46Tr0LfEqGBVpmiAyuiuxeVE44m3mXnEeVhaipLOEWmH+Njw==}
    engines: {node: '>=14.16'}

  tempy@3.2.0:
    resolution: {integrity: sha512-d79HhZya5Djd7am0q+W4RTsSU+D/aJzM+4Y4AGJGuGlgM2L6sx5ZvOYTmZjqPhrDrV6xJTtRSm1JCLj6V6LHLQ==}
    engines: {node: '>=14.16'}

  type-fest@1.4.0:
    resolution: {integrity: sha512-yGSza74xk0UG8k+pLh5oeoYirvIiWo5t0/o3zHHAO2tRDiZcxWP7fywNlXhqb6/r6sWvwi+RsyQMWhVLe4BVuA==}
    engines: {node: '>=10'}

  type-fest@2.19.0:
    resolution: {integrity: sha512-RAH822pAdBgcNMAfWnCBU3CFZcfZ/i1eZjwFU/dsLKumyuuP3niueg2UAukXYF0E2AAoc82ZSSf9J0WQBinzHA==}
    engines: {node: '>=12.20'}

  typescript@5.9.3:
    resolution: {integrity: sha512-jl1vZzPDinLr9eUt3J/t7V6FgNEw9QjvBPdysz9KfQDD41fQrC2Y4vKQdiaUpFT4bXlb1RHhLpp8wtm6M5TgSw==}
    engines: {node: '>=14.17'}
    hasBin: true

  undici-types@7.18.2:
    resolution: {integrity: sha512-AsuCzffGHJybSaRrmr5eHr81mwJU3kjw6M+uprWvCXiNeN9SOGwQ3Jn8jb8m3Z6izVgknn1R0FTCEAP2QrLY/w==}

  unique-string@3.0.0:
    resolution: {integrity: sha512-VGXBUVwxKMBUznyffQweQABPRRW1vHZAbadFZud4pLFAqRGvv/96vafgjWFqzourzr8YonlQiPgH0YCJfawoGQ==}
    engines: {node: '>=12'}

  universalify@2.0.1:
    resolution: {integrity: sha512-gptHNQghINnc/vTGIk0SOFGFNXw7JVrlRUtConJRlvaw6DuX0wO5Jeko9sWrMBhh+PsYAZ7oXAiOnf/UKogyiw==}
    engines: {node: '>= 10.0.0'}

  write-file-atomic@6.0.0:
    resolution: {integrity: sha512-GmqrO8WJ1NuzJ2DrziEI2o57jKAVIQNf8a18W3nCYU3H7PNWqCCVTeH6/NQE93CIllIgQS98rrmVkYgTX9fFJQ==}
    engines: {node: ^18.17.0 || >=20.5.0}

  write-json-file@7.0.0:
    resolution: {integrity: sha512-rj8As6LkachKauGxvZkFzCEd6hIRTi9FKtCNKOa4SaH5vPOiACbGcmPUEJXgkhTHwzNsYmcSbD3C9a6whBfyOg==}
    engines: {node: '>=20'}

snapshots:

  '@types/node@25.5.0':
    dependencies:
      undici-types: 7.18.2

  '@zkochan/rimraf@4.0.0': {}

  balanced-match@4.0.4: {}

  better-path-resolve@2.0.0:
    dependencies:
      is-windows: 1.0.2

  brace-expansion@5.0.4:
    dependencies:
      balanced-match: 4.0.4

  crypto-random-string@4.0.0:
    dependencies:
      type-fest: 1.4.0

  detect-indent@7.0.2: {}

  fs-extra@11.3.4:
    dependencies:
      graceful-fs: 4.2.11
      jsonfile: 6.2.0
      universalify: 2.0.1

  glob@13.0.6:
    dependencies:
      minimatch: 10.2.4
      minipass: 7.1.3
      path-scurry: 2.0.2

  graceful-fs@4.2.11: {}

  imurmurhash@0.1.4: {}

  is-plain-obj@4.1.0: {}

  is-stream@3.0.0: {}

  is-windows@1.0.2: {}

  jsonfile@6.2.0:
    dependencies:
      universalify: 2.0.1
    optionalDependencies:
      graceful-fs: 4.2.11

  lru-cache@11.2.7: {}

  minimatch@10.2.4:
    dependencies:
      brace-expansion: 5.0.4

  minipass@7.1.3: {}

  package-json-from-dist@1.0.1: {}

  path-scurry@2.0.2:
    dependencies:
      lru-cache: 11.2.7
      minipass: 7.1.3

  rename-overwrite@7.0.0:
    dependencies:
      '@zkochan/rimraf': 4.0.0
      fs-extra: 11.3.4

  rimraf@6.1.3:
    dependencies:
      glob: 13.0.6
      package-json-from-dist: 1.0.1

  signal-exit@4.1.0: {}

  sort-keys@6.0.0:
    dependencies:
      is-plain-obj: 4.1.0

  temp-dir@3.0.0: {}

  tempy@3.2.0:
    dependencies:
      is-stream: 3.0.0
      temp-dir: 3.0.0
      type-fest: 2.19.0
      unique-string: 3.0.0

  type-fest@1.4.0: {}

  type-fest@2.19.0: {}

  typescript@5.9.3: {}

  undici-types@7.18.2: {}

  unique-string@3.0.0:
    dependencies:
      crypto-random-string: 4.0.0

  universalify@2.0.1: {}

  write-file-atomic@6.0.0:
    dependencies:
      imurmurhash: 0.1.4
      signal-exit: 4.1.0

  write-json-file@7.0.0:
    dependencies:
      detect-indent: 7.0.2
      is-plain-obj: 4.1.0
      sort-keys: 6.0.0
      write-file-atomic: 6.0.0
